
Microsoft Visual Studio Solution File, Format Version 12.00
# Visual Studio Version 16
VisualStudioVersion = 16.0.30804.86
MinimumVisualStudioVersion = 10.0.40219.1
Project("{FAE04EC0-301F-11D3-BF4B-00C04F79EFBC}") = "BenchmarkBibleVerse", "BenchmarkBibleVerse\BenchmarkBibleVerse.csproj", "{DDFD0DC6-AF83-4761-A2DF-02A1FB1AD98A}"
EndProject
Global
	GlobalSection(SolutionConfigurationPlatforms) = preSolution
		Debug|Any CPU = Debug|Any CPU
		Release|Any CPU = Release|Any CPU
	EndGlobalSection
	GlobalSection(ProjectConfigurationPlatforms) = postSolution
		{DDFD0DC6-AF83-4761-A2DF-02A1FB1AD98A}.Debug|Any CPU.ActiveCfg = Debug|Any CPU
		{DDFD0DC6-AF83-4761-A2DF-02A1FB1AD98A}.Debug|Any CPU.Build.0 = Debug|Any CPU
		{DDFD0DC6-AF83-4761-A2DF-02A1FB1AD98A}.Release|Any CPU.ActiveCfg = Release|Any CPU
		{DDFD0DC6-AF83-4761-A2DF-02A1FB1AD98A}.Release|Any CPU.Build.0 = Release|Any CPU
	EndGlobalSection
	GlobalSection(SolutionProperties) = preSolution
		HideSolutionNode = FALSE
	EndGlobalSection
	GlobalSection(ExtensibilityGlobals) = postSolution
		SolutionGuid = {0FB12265-E433-49FE-9BCC-6A34753EF569}
	EndGlobalSection
EndGlobal
